
Microsoft Visual Studio Solution File, Format Version 12.00
# Visual Studio Version 17
VisualStudioVersion = 17.8.34511.84
MinimumVisualStudioVersion = 10.0.40219.1
Project("{FAE04EC0-301F-11D3-BF4B-00C04F79EFBC}") = "Esercizio_be_S1_D3_M4", "Esercizio_be_S1_D3_M4\Esercizio_be_S1_D3_M4.csproj", "{C3A2BF89-A78E-49EA-B1BF-583828AB5B03}"
EndProject
Global
	GlobalSection(SolutionConfigurationPlatforms) = preSolution
		Debug|Any CPU = Debug|Any CPU
		Release|Any CPU = Release|Any CPU
	EndGlobalSection
	GlobalSection(ProjectConfigurationPlatforms) = postSolution
		{C3A2BF89-A78E-49EA-B1BF-583828AB5B03}.Debug|Any CPU.ActiveCfg = Debug|Any CPU
		{C3A2BF89-A78E-49EA-B1BF-583828AB5B03}.Debug|Any CPU.Build.0 = Debug|Any CPU
		{C3A2BF89-A78E-49EA-B1BF-583828AB5B03}.Release|Any CPU.ActiveCfg = Release|Any CPU
		{C3A2BF89-A78E-49EA-B1BF-583828AB5B03}.Release|Any CPU.Build.0 = Release|Any CPU
	EndGlobalSection
	GlobalSection(SolutionProperties) = preSolution
		HideSolutionNode = FALSE
	EndGlobalSection
	GlobalSection(ExtensibilityGlobals) = postSolution
		SolutionGuid = {6E0B7A56-A0AD-4ADD-A2EE-386AAA493864}
	EndGlobalSection
EndGlobal
